
Microsoft Visual Studio Solution File, Format Version 12.00
# Visual Studio 15
VisualStudioVersion = 15.0.28307.1300
MinimumVisualStudioVersion = 10.0.40219.1
Project("{FAE04EC0-301F-11D3-BF4B-00C04F79EFBC}") = "AngularQuiz", "AngularQuiz\AngularQuiz.csproj", "{2F2C48CE-AFD3-40E6-80BA-51774D538E93}"
EndProject
Global
	GlobalSection(SolutionConfigurationPlatforms) = preSolution
		Debug|Any CPU = Debug|Any CPU
		Release|Any CPU = Release|Any CPU
	EndGlobalSection
	GlobalSection(ProjectConfigurationPlatforms) = postSolution
		{2F2C48CE-AFD3-40E6-80BA-51774D538E93}.Debug|Any CPU.ActiveCfg = Debug|Any CPU
		{2F2C48CE-AFD3-40E6-80BA-51774D538E93}.Debug|Any CPU.Build.0 = Debug|Any CPU
		{2F2C48CE-AFD3-40E6-80BA-51774D538E93}.Release|Any CPU.ActiveCfg = Release|Any CPU
		{2F2C48CE-AFD3-40E6-80BA-51774D538E93}.Release|Any CPU.Build.0 = Release|Any CPU
	EndGlobalSection
	GlobalSection(SolutionProperties) = preSolution
		HideSolutionNode = FALSE
	EndGlobalSection
	GlobalSection(ExtensibilityGlobals) = postSolution
		SolutionGuid = {09866DCE-221B-44D8-BE15-3081D1FC40B2}
	EndGlobalSection
EndGlobal
